
Microsoft Visual Studio Solution File, Format Version 12.00
# Visual Studio 15
VisualStudioVersion = 15.0.28307.1000
MinimumVisualStudioVersion = 10.0.40219.1
Project("{8BC9CEB8-8B4A-11D0-8D11-00A0C91BC942}") = "InteropLayer", "InteropLayer\InteropLayer.vcxproj", "{EBF0DCA0-D5EB-4221-B7D8-7D4A96F1722F}"
EndProject
Project("{8BC9CEB8-8B4A-11D0-8D11-00A0C91BC942}") = "StaticLib1", "StaticLib1\StaticLib1.vcxproj", "{E521FA18-89AA-4B79-9D36-9F5D75782F89}"
EndProject
Project("{FAE04EC0-301F-11D3-BF4B-00C04F79EFBC}") = "ConsoleApp1", "ConsoleApp1\ConsoleApp1.csproj", "{C0B0F1FD-F3F9-4FD2-835C-F206441950AA}"
EndProject
Global
	GlobalSection(SolutionConfigurationPlatforms) = preSolution
		Debug|Any CPU = Debug|Any CPU
		Debug|x64 = Debug|x64
		Debug|x86 = Debug|x86
		Release|Any CPU = Release|Any CPU
		Release|x64 = Release|x64
		Release|x86 = Release|x86
	EndGlobalSection
	GlobalSection(ProjectConfigurationPlatforms) = postSolution
		{EBF0DCA0-D5EB-4221-B7D8-7D4A96F1722F}.Debug|Any CPU.ActiveCfg = Debug|Win32
		{EBF0DCA0-D5EB-4221-B7D8-7D4A96F1722F}.Debug|x64.ActiveCfg = Debug|x64
		{EBF0DCA0-D5EB-4221-B7D8-7D4A96F1722F}.Debug|x64.Build.0 = Debug|x64
		{EBF0DCA0-D5EB-4221-B7D8-7D4A96F1722F}.Debug|x86.ActiveCfg = Debug|Win32
		{EBF0DCA0-D5EB-4221-B7D8-7D4A96F1722F}.Debug|x86.Build.0 = Debug|Win32
		{EBF0DCA0-D5EB-4221-B7D8-7D4A96F1722F}.Release|Any CPU.ActiveCfg = Release|Win32
		{EBF0DCA0-D5EB-4221-B7D8-7D4A96F1722F}.Release|x64.ActiveCfg = Release|x64
		{EBF0DCA0-D5EB-4221-B7D8-7D4A96F1722F}.Release|x64.Build.0 = Release|x64
		{EBF0DCA0-D5EB-4221-B7D8-7D4A96F1722F}.Release|x86.ActiveCfg = Release|Win32
		{EBF0DCA0-D5EB-4221-B7D8-7D4A96F1722F}.Release|x86.Build.0 = Release|Win32
		{E521FA18-89AA-4B79-9D36-9F5D75782F89}.Debug|Any CPU.ActiveCfg = Debug|Win32
		{E521FA18-89AA-4B79-9D36-9F5D75782F89}.Debug|x64.ActiveCfg = Debug|x64
		{E521FA18-89AA-4B79-9D36-9F5D75782F89}.Debug|x64.Build.0 = Debug|x64
		{E521FA18-89AA-4B79-9D36-9F5D75782F89}.Debug|x86.ActiveCfg = Debug|Win32
		{E521FA18-89AA-4B79-9D36-9F5D75782F89}.Debug|x86.Build.0 = Debug|Win32
		{E521FA18-89AA-4B79-9D36-9F5D75782F89}.Release|Any CPU.ActiveCfg = Release|Win32
		{E521FA18-89AA-4B79-9D36-9F5D75782F89}.Release|x64.ActiveCfg = Release|x64
		{E521FA18-89AA-4B79-9D36-9F5D75782F89}.Release|x64.Build.0 = Release|x64
		{E521FA18-89AA-4B79-9D36-9F5D75782F89}.Release|x86.ActiveCfg = Release|Win32
		{E521FA18-89AA-4B79-9D36-9F5D75782F89}.Release|x86.Build.0 = Release|Win32
		{C0B0F1FD-F3F9-4FD2-835C-F206441950AA}.Debug|Any CPU.ActiveCfg = Debug|Any CPU
		{C0B0F1FD-F3F9-4FD2-835C-F206441950AA}.Debug|Any CPU.Build.0 = Debug|Any CPU
		{C0B0F1FD-F3F9-4FD2-835C-F206441950AA}.Debug|x64.ActiveCfg = Debug|Any CPU
		{C0B0F1FD-F3F9-4FD2-835C-F206441950AA}.Debug|x64.Build.0 = Debug|Any CPU
		{C0B0F1FD-F3F9-4FD2-835C-F206441950AA}.Debug|x86.ActiveCfg = Debug|Any CPU
		{C0B0F1FD-F3F9-4FD2-835C-F206441950AA}.Debug|x86.Build.0 = Debug|Any CPU
		{C0B0F1FD-F3F9-4FD2-835C-F206441950AA}.Release|Any CPU.ActiveCfg = Release|Any CPU
		{C0B0F1FD-F3F9-4FD2-835C-F206441950AA}.Release|Any CPU.Build.0 = Release|Any CPU
		{C0B0F1FD-F3F9-4FD2-835C-F206441950AA}.Release|x64.ActiveCfg = Release|Any CPU
		{C0B0F1FD-F3F9-4FD2-835C-F206441950AA}.Release|x64.Build.0 = Release|Any CPU
		{C0B0F1FD-F3F9-4FD2-835C-F206441950AA}.Release|x86.ActiveCfg = Release|Any CPU
		{C0B0F1FD-F3F9-4FD2-835C-F206441950AA}.Release|x86.Build.0 = Release|Any CPU
	EndGlobalSection
	GlobalSection(SolutionProperties) = preSolution
		HideSolutionNode = FALSE
	EndGlobalSection
	GlobalSection(ExtensibilityGlobals) = postSolution
		SolutionGuid = {5CB8C58B-06E0-4FD6-A284-65350B8AA833}
	EndGlobalSection
EndGlobal
